// !$*UTF8*$!
{
	archiveVersion = 1;
	classes = {
	};
	objectVersion = 50;
	objects = {

/* Begin PBXBuildFile section */
		581059C824127DD9001A83EB /* 2.jpg in Resources */ = {isa = PBXBuildFile; fileRef = 581059C124127DD8001A83EB /* 2.jpg */; };
		581059C924127DD9001A83EB /* 6.jpg in Resources */ = {isa = PBXBuildFile; fileRef = 581059C224127DD8001A83EB /* 6.jpg */; };
		581059CA24127DD9001A83EB /* 3.jpg in Resources */ = {isa = PBXBuildFile; fileRef = 581059C324127DD8001A83EB /* 3.jpg */; };
		581059CB24127DD9001A83EB /* 5.jpg in Resources */ = {isa = PBXBuildFile; fileRef = 581059C424127DD8001A83EB /* 5.jpg */; };
		581059CC24127DD9001A83EB /* 7.jpg in Resources */ = {isa = PBXBuildFile; fileRef = 581059C524127DD8001A83EB /* 7.jpg */; };
		581059CD24127DD9001A83EB /* 1.jpg in Resources */ = {isa = PBXBuildFile; fileRef = 581059C624127DD9001A83EB /* 1.jpg */; };
		581059CE24127DD9001A83EB /* 4.jpg in Resources */ = {isa = PBXBuildFile; fileRef = 581059C724127DD9001A83EB /* 4.jpg */; };
		581D050224128C00001FD4CB /* SecondViewController.swift in Sources */ = {isa = PBXBuildFile; fileRef = 581D050124128C00001FD4CB /* SecondViewController.swift */; };
		583FDCA2240FD1BC006F4569 /* AppDelegate.swift in Sources */ = {isa = PBXBuildFile; fileRef = 583FDCA1240FD1BC006F4569 /* AppDelegate.swift */; };
		583FDCA4240FD1BC006F4569 /* SceneDelegate.swift in Sources */ = {isa = PBXBuildFile; fileRef = 583FDCA3240FD1BC006F4569 /* SceneDelegate.swift */; };
		583FDCA6240FD1BC006F4569 /* ViewController.swift in Sources */ = {isa = PBXBuildFile; fileRef = 583FDCA5240FD1BC006F4569 /* ViewController.swift */; };
		583FDCA9240FD1BC006F4569 /* Main.storyboard in Resources */ = {isa = PBXBuildFile; fileRef = 583FDCA7240FD1BC006F4569 /* Main.storyboard */; };
		583FDCAB240FD1BE006F4569 /* Assets.xcassets in Resources */ = {isa = PBXBuildFile; fileRef = 583FDCAA240FD1BE006F4569 /* Assets.xcassets */; };
		583FDCAE240FD1BE006F4569 /* LaunchScreen.storyboard in Resources */ = {isa = PBXBuildFile; fileRef = 583FDCAC240FD1BE006F4569 /* LaunchScreen.storyboard */; };
/* End PBXBuildFile section */

/* Begin PBXFileReference section */
		581059C124127DD8001A83EB /* 2.jpg */ = {isa = PBXFileReference; lastKnownFileType = image.jpeg; path = 2.jpg; sourceTree = "<group>"; };
		581059C224127DD8001A83EB /* 6.jpg */ = {isa = PBXFileReference; lastKnownFileType = image.jpeg; path = 6.jpg; sourceTree = "<group>"; };
		581059C324127DD8001A83EB /* 3.jpg */ = {isa = PBXFileReference; lastKnownFileType = image.jpeg; path = 3.jpg; sourceTree = "<group>"; };
		581059C424127DD8001A83EB /* 5.jpg */ = {isa = PBXFileReference; lastKnownFileType = image.jpeg; path = 5.jpg; sourceTree = "<group>"; };
		581059C524127DD8001A83EB /* 7.jpg */ = {isa = PBXFileReference; lastKnownFileType = image.jpeg; path = 7.jpg; sourceTree = "<group>"; };
		581059C624127DD9001A83EB /* 1.jpg */ = {isa = PBXFileReference; lastKnownFileType = image.jpeg; path = 1.jpg; sourceTree = "<group>"; };
		581059C724127DD9001A83EB /* 4.jpg */ = {isa = PBXFileReference; lastKnownFileType = image.jpeg; path = 4.jpg; sourceTree = "<group>"; };
		581D050124128C00001FD4CB /* SecondViewController.swift */ = {isa = PBXFileReference; lastKnownFileType = sourcecode.swift; path = SecondViewController.swift; sourceTree = "<group>"; };
		583FDC9E240FD1BC006F4569 /* SlideshowApp.app */ = {isa = PBXFileReference; explicitFileType = wrapper.application; includeInIndex = 0; path = SlideshowApp.app; sourceTree = BUILT_PRODUCTS_DIR; };
		583FDCA1240FD1BC006F4569 /* AppDelegate.swift */ = {isa = PBXFileReference; lastKnownFileType = sourcecode.swift; path = AppDelegate.swift; sourceTree = "<group>"; };
		583FDCA3240FD1BC006F4569 /* SceneDelegate.swift */ = {isa = PBXFileReference; lastKnownFileType = sourcecode.swift; path = SceneDelegate.swift; sourceTree = "<group>"; };
		583FDCA5240FD1BC006F4569 /* ViewController.swift */ = {isa = PBXFileReference; lastKnownFileType = sourcecode.swift; path = ViewController.swift; sourceTree = "<group>"; };
		583FDCA8240FD1BC006F4569 /* Base */ = {isa = PBXFileReference; lastKnownFileType = file.storyboard; name = Base; path = Base.lproj/Main.storyboard; sourceTree = "<group>"; };
		583FDCAA240FD1BE006F4569 /* Assets.xcassets */ = {isa = PBXFileReference; lastKnownFileType = folder.assetcatalog; path = Assets.xcassets; sourceTree = "<group>"; };
		583FDCAD240FD1BE006F4569 /* Base */ = {isa = PBXFileReference; lastKnownFileType = file.storyboard; name = Base; path = Base.lproj/LaunchScreen.storyboard; sourceTree = "<group>"; };
		583FDCAF240FD1BE006F4569 /* Info.plist */ = {isa = PBXFileReference; lastKnownFileType = text.plist.xml; path = Info.plist; sourceTree = "<group>"; };
/* End PBXFileReference section */

/* Begin PBXFrameworksBuildPhase section */
		583FDC9B240FD1BC006F4569 /* Frameworks */ = {
			isa = PBXFrameworksBuildPhase;
			buildActionMask = 2147483647;
			files = (
			);
			runOnlyForDeploymentPostprocessing = 0;
		};
/* End PBXFrameworksBuildPhase section */

/* Begin PBXGroup section */
		583FDC95240FD1BC006F4569 = {
			isa = PBXGroup;
			children = (
				583FDCA0240FD1BC006F4569 /* SlideshowApp */,
				583FDC9F240FD1BC006F4569 /* Products */,
			);
			sourceTree = "<group>";
		};
		583FDC9F240FD1BC006F4569 /* Products */ = {
			isa = PBXGroup;
			children = (
				583FDC9E240FD1BC006F4569 /* SlideshowApp.app */,
			);
			name = Products;
			sourceTree = "<group>";
		};
		583FDCA0240FD1BC006F4569 /* SlideshowApp */ = {
			isa = PBXGroup;
			children = (
				583FDCA1240FD1BC006F4569 /* AppDelegate.swift */,
				583FDCA3240FD1BC006F4569 /* SceneDelegate.swift */,
				583FDCA5240FD1BC006F4569 /* ViewController.swift */,
				581D050124128C00001FD4CB /* SecondViewController.swift */,
				583FDCA7240FD1BC006F4569 /* Main.storyboard */,
				583FDCAA240FD1BE006F4569 /* Assets.xcassets */,
				583FDCAC240FD1BE006F4569 /* LaunchScreen.storyboard */,
				583FDCAF240FD1BE006F4569 /* Info.plist */,
				581059C624127DD9001A83EB /* 1.jpg */,
				581059C124127DD8001A83EB /* 2.jpg */,
				581059C324127DD8001A83EB /* 3.jpg */,
				581059C724127DD9001A83EB /* 4.jpg */,
				581059C424127DD8001A83EB /* 5.jpg */,
				581059C224127DD8001A83EB /* 6.jpg */,
				581059C524127DD8001A83EB /* 7.jpg */,
			);
			path = SlideshowApp;
			sourceTree = "<group>";
		};
/* End PBXGroup section */

/* Begin PBXNativeTarget section */
		583FDC9D240FD1BC006F4569 /* SlideshowApp */ = {
			isa = PBXNativeTarget;
			buildConfigurationList = 583FDCB2240FD1BE006F4569 /* Build configuration list for PBXNativeTarget "SlideshowApp" */;
			buildPhases = (
				583FDC9A240FD1BC006F4569 /* Sources */,
				583FDC9B240FD1BC006F4569 /* Frameworks */,
				583FDC9C240FD1BC006F4569 /* Resources */,
			);
			buildRules = (
			);
			dependencies = (
			);
			name = SlideshowApp;
			productName = SlideshowApp;
			productReference = 583FDC9E240FD1BC006F4569 /* SlideshowApp.app */;
			productType = "com.apple.product-type.application";
		};
/* End PBXNativeTarget section */

/* Begin PBXProject section */
		583FDC96240FD1BC006F4569 /* Project object */ = {
			isa = PBXProject;
			attributes = {
				LastSwiftUpdateCheck = 1110;
				LastUpgradeCheck = 1110;
				ORGANIZATIONNAME = yuto.masamura;
				TargetAttributes = {
					583FDC9D240FD1BC006F4569 = {
						CreatedOnToolsVersion = 11.1;
					};
				};
			};
			buildConfigurationList = 583FDC99240FD1BC006F4569 /* Build configuration list for PBXProject "SlideshowApp" */;
			compatibilityVersion = "Xcode 9.3";
			developmentRegion = en;
			hasScannedForEncodings = 0;
			knownRegions = (
				en,
				Base,
			);
			mainGroup = 583FDC95240FD1BC006F4569;
			productRefGroup = 583FDC9F240FD1BC006F4569 /* Products */;
			projectDirPath = "";
			projectRoot = "";
			targets = (
				583FDC9D240FD1BC006F4569 /* SlideshowApp */,
			);
		};
/* End PBXProject section */

/* Begin PBXResourcesBuildPhase section */
		583FDC9C240FD1BC006F4569 /* Resources */ = {
			isa = PBXResourcesBuildPhase;
			buildActionMask = 2147483647;
			files = (
				583FDCAE240FD1BE006F4569 /* LaunchScreen.storyboard in Resources */,
				583FDCAB240FD1BE006F4569 /* Assets.xcassets in Resources */,
				581059C824127DD9001A83EB /* 2.jpg in Resources */,
				581059CC24127DD9001A83EB /* 7.jpg in Resources */,
				581059CA24127DD9001A83EB /* 3.jpg in Resources */,
				581059CB24127DD9001A83EB /* 5.jpg in Resources */,
				581059CD24127DD9001A83EB /* 1.jpg in Resources */,
				583FDCA9240FD1BC006F4569 /* Main.storyboard in Resources */,
				581059CE24127DD9001A83EB /* 4.jpg in Resources */,
				581059C924127DD9001A83EB /* 6.jpg in Resources */,
			);
			runOnlyForDeploymentPostprocessing = 0;
		};
/* End PBXResourcesBuildPhase section */

/* Begin PBXSourcesBuildPhase section */
		583FDC9A240FD1BC006F4569 /* Sources */ = {
			isa = PBXSourcesBuildPhase;
			buildActionMask = 2147483647;
			files = (
				581D050224128C00001FD4CB /* SecondViewController.swift in Sources */,
				583FDCA6240FD1BC006F4569 /* ViewController.swift in Sources */,
				583FDCA2240FD1BC006F4569 /* AppDelegate.swift in Sources */,
				583FDCA4240FD1BC006F4569 /* SceneDelegate.swift in Sources */,
			);
			runOnlyForDeploymentPostprocessing = 0;
		};
/* End PBXSourcesBuildPhase section */

/* Begin PBXVariantGroup section */
		583FDCA7240FD1BC006F4569 /* Main.storyboard */ = {
			isa = PBXVariantGroup;
			children = (
				583FDCA8240FD1BC006F4569 /* Base */,
			);
			name = Main.storyboard;
			sourceTree = "<group>";
		};
		583FDCAC240FD1BE006F4569 /* LaunchScreen.storyboard */ = {
			isa = PBXVariantGroup;
			children = (
				583FDCAD240FD1BE006F4569 /* Base */,
			);
			name = LaunchScreen.storyboard;
			sourceTree = "<group>";
		};
/* End PBXVariantGroup section */

/* Begin XCBuildConfiguration section */
		583FDCB0240FD1BE006F4569 /* Debug */ = {
			isa = XCBuildConfiguration;
			buildSettings = {
				ALWAYS_SEARCH_USER_PATHS = NO;
				CLANG_ANALYZER_NONNULL = YES;
				CLANG_ANALYZER_NUMBER_OBJECT_CONVERSION = YES_AGGRESSIVE;
				CLANG_CXX_LANGUAGE_STANDARD = "gnu++14";
				CLANG_CXX_LIBRARY = "libc++";
				CLANG_ENABLE_MODULES = YES;
				CLANG_ENABLE_OBJC_ARC = YES;
				CLANG_ENABLE_OBJC_WEAK = YES;
				CLANG_WARN_BLOCK_CAPTURE_AUTORELEASING = YES;
				CLANG_WARN_BOOL_CONVERSION = YES;
				CLANG_WARN_COMMA = YES;
				CLANG_WARN_CONSTANT_CONVERSION = YES;
				CLANG_WARN_DEPRECATED_OBJC_IMPLEMENTATIONS = YES;
				CLANG_WARN_DIRECT_OBJC_ISA_USAGE = YES_ERROR;
				CLANG_WARN_DOCUMENTATION_COMMENTS = YES;
				CLANG_WARN_EMPTY_BODY = YES;
				CLANG_WARN_ENUM_CONVERSION = YES;
				CLANG_WARN_INFINITE_RECURSION = YES;
				CLANG_WARN_INT_CONVERSION = YES;
				CLANG_WARN_NON_LITERAL_NULL_CONVERSION = YES;
				CLANG_WARN_OBJC_IMPLICIT_RETAIN_SELF = YES;
				CLANG_WARN_OBJC_LITERAL_CONVERSION = YES;
				CLANG_WARN_OBJC_ROOT_CLASS = YES_ERROR;
				CLANG_WARN_RANGE_LOOP_ANALYSIS = YES;
				CLANG_WARN_STRICT_PROTOTYPES = YES;
				CLANG_WARN_SUSPICIOUS_MOVE = YES;
				CLANG_WARN_UNGUARDED_AVAILABILITY = YES_AGGRESSIVE;
				CLANG_WARN_UNREACHABLE_CODE = YES;
				CLANG_WARN__DUPLICATE_METHOD_MATCH = YES;
				COPY_PHASE_STRIP = NO;
				DEBUG_INFORMATION_FORMAT = dwarf;
				ENABLE_STRICT_OBJC_MSGSEND = YES;
				ENABLE_TESTABILITY = YES;
				GCC_C_LANGUAGE_STANDARD = gnu11;
				GCC_DYNAMIC_NO_PIC = NO;
				GCC_NO_COMMON_BLOCKS = YES;
				GCC_OPTIMIZATION_LEVEL = 0;
				GCC_PREPROCESSOR_DEFINITIONS = (
					"DEBUG=1",
					"$(inherited)",
				);
				GCC_WARN_64_TO_32_BIT_CONVERSION = YES;
				GCC_WARN_ABOUT_RETURN_TYPE = YES_ERROR;
				GCC_WARN_UNDECLARED_SELECTOR = YES;
				GCC_WARN_UNINITIALIZED_AUTOS = YES_AGGRESSIVE;
				GCC_WARN_UNUSED_FUNCTION = YES;
				GCC_WARN_UNUSED_VARIABLE = YES;
				IPHONEOS_DEPLOYMENT_TARGET = 13.1;
				MTL_ENABLE_DEBUG_INFO = INCLUDE_SOURCE;
				MTL_FAST_MATH = YES;
				ONLY_ACTIVE_ARCH = YES;
				SDKROOT = iphoneos;
				SWIFT_ACTIVE_COMPILATION_CONDITIONS = DEBUG;
				SWIFT_OPTIMIZATION_LEVEL = "-Onone";
			};
			name = Debug;
		};
		583FDCB1240FD1BE006F4569 /* Release */ = {
			isa = XCBuildConfiguration;
			buildSettings = {
				ALWAYS_SEARCH_USER_PATHS = NO;
				CLANG_ANALYZER_NONNULL = YES;
				CLANG_ANALYZER_NUMBER_OBJECT_CONVERSION = YES_AGGRESSIVE;
				CLANG_CXX_LANGUAGE_STANDARD = "gnu++14";
				CLANG_CXX_LIBRARY = "libc++";
				CLANG_ENABLE_MODULES = YES;
				CLANG_ENABLE_OBJC_ARC = YES;
				CLANG_ENABLE_OBJC_WEAK = YES;
				CLANG_WARN_BLOCK_CAPTURE_AUTORELEASING = YES;
				CLANG_WARN_BOOL_CONVERSION = YES;
				CLANG_WARN_COMMA = YES;
				CLANG_WARN_CONSTANT_CONVERSION = YES;
				CLANG_WARN_DEPRECATED_OBJC_IMPLEMENTATIONS = YES;
				CLANG_WARN_DIRECT_OBJC_ISA_USAGE = YES_ERROR;
				CLANG_WARN_DOCUMENTATION_COMMENTS = YES;
				CLANG_WARN_EMPTY_BODY = YES;
				CLANG_WARN_ENUM_CONVERSION = YES;
				CLANG_WARN_INFINITE_RECURSION = YES;
				CLANG_WARN_INT_CONVERSION = YES;
				CLANG_WARN_NON_LITERAL_NULL_CONVERSION = YES;
				CLANG_WARN_OBJC_IMPLICIT_RETAIN_SELF = YES;
				CLANG_WARN_OBJC_LITERAL_CONVERSION = YES;
				CLANG_WARN_OBJC_ROOT_CLASS = YES_ERROR;
				CLANG_WARN_RANGE_LOOP_ANALYSIS = YES;
				CLANG_WARN_STRICT_PROTOTYPES = YES;
				CLANG_WARN_SUSPICIOUS_MOVE = YES;
				CLANG_WARN_UNGUARDED_AVAILABILITY = YES_AGGRESSIVE;
				CLANG_WARN_UNREACHABLE_CODE = YES;
				CLANG_WARN__DUPLICATE_METHOD_MATCH = YES;
				COPY_PHASE_STRIP = NO;
				DEBUG_INFORMATION_FORMAT = "dwarf-with-dsym";
				ENABLE_NS_ASSERTIONS = NO;
				ENABLE_STRICT_OBJC_MSGSEND = YES;
				GCC_C_LANGUAGE_STANDARD = gnu11;
				GCC_NO_COMMON_BLOCKS = YES;
				GCC_WARN_64_TO_32_BIT_CONVERSION = YES;
				GCC_WARN_ABOUT_RETURN_TYPE = YES_ERROR;
				GCC_WARN_UNDECLARED_SELECTOR = YES;
				GCC_WARN_UNINITIALIZED_AUTOS = YES_AGGRESSIVE;
				GCC_WARN_UNUSED_FUNCTION = YES;
				GCC_WARN_UNUSED_VARIABLE = YES;
				IPHONEOS_DEPLOYMENT_TARGET = 13.1;
				MTL_ENABLE_DEBUG_INFO = NO;
				MTL_FAST_MATH = YES;
				SDKROOT = iphoneos;
				SWIFT_COMPILATION_MODE = wholemodule;
				SWIFT_OPTIMIZATION_LEVEL = "-O";
				VALIDATE_PRODUCT = YES;
			};
			name = Release;
		};
		583FDCB3240FD1BE006F4569 /* Debug */ = {
			isa = XCBuildConfiguration;
			buildSettings = {
				ASSETCATALOG_COMPILER_APPICON_NAME = AppIcon;
				CODE_SIGN_STYLE = Automatic;
				DEVELOPMENT_TEAM = 972T9QBG2D;
				INFOPLIST_FILE = SlideshowApp/Info.plist;
				LD_RUNPATH_SEARCH_PATHS = (
					"$(inherited)",
					"@executable_path/Frameworks",
				);
				PRODUCT_BUNDLE_IDENTIFIER = jp.techacademy.yuto.masamura.SlideshowApp;
				PRODUCT_NAME = "$(TARGET_NAME)";
				SWIFT_VERSION = 5.0;
				TARGETED_DEVICE_FAMILY = "1,2";
			};
			name = Debug;
		};
		583FDCB4240FD1BE006F4569 /* Release */ = {
			isa = XCBuildConfiguration;
			buildSettings = {
				ASSETCATALOG_COMPILER_APPICON_NAME = AppIcon;
				CODE_SIGN_STYLE = Automatic;
				DEVELOPMENT_TEAM = 972T9QBG2D;
				INFOPLIST_FILE = SlideshowApp/Info.plist;
				LD_RUNPATH_SEARCH_PATHS = (
					"$(inherited)",
					"@executable_path/Frameworks",
				);
				PRODUCT_BUNDLE_IDENTIFIER = jp.techacademy.yuto.masamura.SlideshowApp;
				PRODUCT_NAME = "$(TARGET_NAME)";
				SWIFT_VERSION = 5.0;
				TARGETED_DEVICE_FAMILY = "1,2";
			};
			name = Release;
		};
/* End XCBuildConfiguration section */

/* Begin XCConfigurationList section */
		583FDC99240FD1BC006F4569 /* Build configuration list for PBXProject "SlideshowApp" */ = {
			isa = XCConfigurationList;
			buildConfigurations = (
				583FDCB0240FD1BE006F4569 /* Debug */,
				583FDCB1240FD1BE006F4569 /* Release */,
			);
			defaultConfigurationIsVisible = 0;
			defaultConfigurationName = Release;
		};
		583FDCB2240FD1BE006F4569 /* Build configuration list for PBXNativeTarget "SlideshowApp" */ = {
			isa = XCConfigurationList;
			buildConfigurations = (
				583FDCB3240FD1BE006F4569 /* Debug */,
				583FDCB4240FD1BE006F4569 /* Release */,
			);
			defaultConfigurationIsVisible = 0;
			defaultConfigurationName = Release;
		};
/* End XCConfigurationList section */
	};
	rootObject = 583FDC96240FD1BC006F4569 /* Project object */;
}
